
Microsoft Visual Studio Solution File, Format Version 12.00
# Visual Studio Version 17
VisualStudioVersion = 17.5.33516.290
MinimumVisualStudioVersion = 10.0.40219.1
Project("{8BC9CEB8-8B4A-11D0-8D11-00A0C91BC942}") = "2D Renderer", "2D Renderer.vcxproj", "{CB6AB520-BCD4-4DE0-8CE2-E9D5C8088630}"
EndProject
Global
	GlobalSection(SolutionConfigurationPlatforms) = preSolution
		Debug|x64 = Debug|x64
		Debug|x86 = Debug|x86
		Release|x64 = Release|x64
		Release|x86 = Release|x86
	EndGlobalSection
	GlobalSection(ProjectConfigurationPlatforms) = postSolution
		{CB6AB520-BCD4-4DE0-8CE2-E9D5C8088630}.Debug|x64.ActiveCfg = Debug|x64
		{CB6AB520-BCD4-4DE0-8CE2-E9D5C8088630}.Debug|x64.Build.0 = Debug|x64
		{CB6AB520-BCD4-4DE0-8CE2-E9D5C8088630}.Debug|x86.ActiveCfg = Debug|Win32
		{CB6AB520-BCD4-4DE0-8CE2-E9D5C8088630}.Debug|x86.Build.0 = Debug|Win32
		{CB6AB520-BCD4-4DE0-8CE2-E9D5C8088630}.Release|x64.ActiveCfg = Release|x64
		{CB6AB520-BCD4-4DE0-8CE2-E9D5C8088630}.Release|x64.Build.0 = Release|x64
		{CB6AB520-BCD4-4DE0-8CE2-E9D5C8088630}.Release|x86.ActiveCfg = Release|Win32
		{CB6AB520-BCD4-4DE0-8CE2-E9D5C8088630}.Release|x86.Build.0 = Release|Win32
	EndGlobalSection
	GlobalSection(SolutionProperties) = preSolution
		HideSolutionNode = FALSE
	EndGlobalSection
	GlobalSection(ExtensibilityGlobals) = postSolution
		SolutionGuid = {A9A5BC94-FBEC-41B3-BC2D-CD3FD826F0D1}
	EndGlobalSection
EndGlobal
